// !$*UTF8*$!
{
	archiveVersion = 1;
	classes = {
	};
	objectVersion = 46;
	objects = {

/* Begin PBXBuildFile section */
		1F69787819F7D8EF00D0965C /* AVKit.framework in Frameworks */ = {isa = PBXBuildFile; fileRef = 1F69787719F7D8EF00D0965C /* AVKit.framework */; };
		1F69787B19F7DC8E00D0965C /* FirstVideoViewController.m in Sources */ = {isa = PBXBuildFile; fileRef = 1F69787A19F7DC8E00D0965C /* FirstVideoViewController.m */; };
		1F69787F19F7E4DC00D0965C /* v1.mov in Resources */ = {isa = PBXBuildFile; fileRef = 1F69787E19F7E4DC00D0965C /* v1.mov */; };
		1F69788219F8688500D0965C /* AV1ViewController.m in Sources */ = {isa = PBXBuildFile; fileRef = 1F69788119F8688500D0965C /* AV1ViewController.m */; };
		1F69788619F8EF1700D0965C /* VideoViewController.m in Sources */ = {isa = PBXBuildFile; fileRef = 1F69788519F8EF1700D0965C /* VideoViewController.m */; };
		1F69788A19FA3C0100D0965C /* ghost.jpg in Resources */ = {isa = PBXBuildFile; fileRef = 1F69788919FA3C0100D0965C /* ghost.jpg */; };
		1F69788C19FA43CC00D0965C /* ilpo-mask.png in Resources */ = {isa = PBXBuildFile; fileRef = 1F69788B19FA43CC00D0965C /* ilpo-mask.png */; };
		1FE1868719F7BDDE00D7B3C0 /* main.m in Sources */ = {isa = PBXBuildFile; fileRef = 1FE1868619F7BDDE00D7B3C0 /* main.m */; };
		1FE1868A19F7BDDE00D7B3C0 /* AppDelegate.m in Sources */ = {isa = PBXBuildFile; fileRef = 1FE1868919F7BDDE00D7B3C0 /* AppDelegate.m */; };
		1FE1868D19F7BDDE00D7B3C0 /* ViewController.m in Sources */ = {isa = PBXBuildFile; fileRef = 1FE1868C19F7BDDE00D7B3C0 /* ViewController.m */; };
		1FE1869019F7BDDE00D7B3C0 /* Main.storyboard in Resources */ = {isa = PBXBuildFile; fileRef = 1FE1868E19F7BDDE00D7B3C0 /* Main.storyboard */; };
		1FE1869219F7BDDE00D7B3C0 /* Images.xcassets in Resources */ = {isa = PBXBuildFile; fileRef = 1FE1869119F7BDDE00D7B3C0 /* Images.xcassets */; };
		1FE1869519F7BDDE00D7B3C0 /* LaunchScreen.xib in Resources */ = {isa = PBXBuildFile; fileRef = 1FE1869319F7BDDE00D7B3C0 /* LaunchScreen.xib */; };
		1FE186A119F7BDDF00D7B3C0 /* PekkaGhostTests.m in Sources */ = {isa = PBXBuildFile; fileRef = 1FE186A019F7BDDF00D7B3C0 /* PekkaGhostTests.m */; };
/* End PBXBuildFile section */

/* Begin PBXContainerItemProxy section */
		1FE1869B19F7BDDF00D7B3C0 /* PBXContainerItemProxy */ = {
			isa = PBXContainerItemProxy;
			containerPortal = 1FE1867919F7BDDE00D7B3C0 /* Project object */;
			proxyType = 1;
			remoteGlobalIDString = 1FE1868019F7BDDE00D7B3C0;
			remoteInfo = PekkaGhost;
		};
/* End PBXContainerItemProxy section */

/* Begin PBXFileReference section */
		1F69787719F7D8EF00D0965C /* AVKit.framework */ = {isa = PBXFileReference; lastKnownFileType = wrapper.framework; name = AVKit.framework; path = System/Library/Frameworks/AVKit.framework; sourceTree = SDKROOT; };
		1F69787919F7DC8E00D0965C /* FirstVideoViewController.h */ = {isa = PBXFileReference; fileEncoding = 4; lastKnownFileType = sourcecode.c.h; path = FirstVideoViewController.h; sourceTree = "<group>"; };
		1F69787A19F7DC8E00D0965C /* FirstVideoViewController.m */ = {isa = PBXFileReference; fileEncoding = 4; lastKnownFileType = sourcecode.c.objc; path = FirstVideoViewController.m; sourceTree = "<group>"; };
		1F69787E19F7E4DC00D0965C /* v1.mov */ = {isa = PBXFileReference; lastKnownFileType = video.quicktime; name = v1.mov; path = PekkaGhost/Videos/v1.mov; sourceTree = SOURCE_ROOT; };
		1F69788019F8688500D0965C /* AV1ViewController.h */ = {isa = PBXFileReference; fileEncoding = 4; lastKnownFileType = sourcecode.c.h; path = AV1ViewController.h; sourceTree = "<group>"; };
		1F69788119F8688500D0965C /* AV1ViewController.m */ = {isa = PBXFileReference; fileEncoding = 4; lastKnownFileType = sourcecode.c.objc; path = AV1ViewController.m; sourceTree = "<group>"; };
		1F69788419F8EF1700D0965C /* VideoViewController.h */ = {isa = PBXFileReference; fileEncoding = 4; lastKnownFileType = sourcecode.c.h; path = VideoViewController.h; sourceTree = "<group>"; };
		1F69788519F8EF1700D0965C /* VideoViewController.m */ = {isa = PBXFileReference; fileEncoding = 4; lastKnownFileType = sourcecode.c.objc; path = VideoViewController.m; sourceTree = "<group>"; };
		1F69788919FA3C0100D0965C /* ghost.jpg */ = {isa = PBXFileReference; lastKnownFileType = image.jpeg; name = ghost.jpg; path = Videos/ghost.jpg; sourceTree = "<group>"; };
		1F69788B19FA43CC00D0965C /* ilpo-mask.png */ = {isa = PBXFileReference; lastKnownFileType = image.png; name = "ilpo-mask.png"; path = "Videos/ilpo-mask.png"; sourceTree = "<group>"; };
		1FE1868119F7BDDE00D7B3C0 /* PekkaGhost.app */ = {isa = PBXFileReference; explicitFileType = wrapper.application; includeInIndex = 0; path = PekkaGhost.app; sourceTree = BUILT_PRODUCTS_DIR; };
		1FE1868519F7BDDE00D7B3C0 /* Info.plist */ = {isa = PBXFileReference; lastKnownFileType = text.plist.xml; path = Info.plist; sourceTree = "<group>"; };
		1FE1868619F7BDDE00D7B3C0 /* main.m */ = {isa = PBXFileReference; lastKnownFileType = sourcecode.c.objc; path = main.m; sourceTree = "<group>"; };
		1FE1868819F7BDDE00D7B3C0 /* AppDelegate.h */ = {isa = PBXFileReference; lastKnownFileType = sourcecode.c.h; path = AppDelegate.h; sourceTree = "<group>"; };
		1FE1868919F7BDDE00D7B3C0 /* AppDelegate.m */ = {isa = PBXFileReference; lastKnownFileType = sourcecode.c.objc; path = AppDelegate.m; sourceTree = "<group>"; };
		1FE1868B19F7BDDE00D7B3C0 /* ViewController.h */ = {isa = PBXFileReference; lastKnownFileType = sourcecode.c.h; path = ViewController.h; sourceTree = "<group>"; };
		1FE1868C19F7BDDE00D7B3C0 /* ViewController.m */ = {isa = PBXFileReference; lastKnownFileType = sourcecode.c.objc; path = ViewController.m; sourceTree = "<group>"; };
		1FE1868F19F7BDDE00D7B3C0 /* Base */ = {isa = PBXFileReference; lastKnownFileType = file.storyboard; name = Base; path = Base.lproj/Main.storyboard; sourceTree = "<group>"; };
		1FE1869119F7BDDE00D7B3C0 /* Images.xcassets */ = {isa = PBXFileReference; lastKnownFileType = folder.assetcatalog; path = Images.xcassets; sourceTree = "<group>"; };
		1FE1869419F7BDDE00D7B3C0 /* Base */ = {isa = PBXFileReference; lastKnownFileType = file.xib; name = Base; path = Base.lproj/LaunchScreen.xib; sourceTree = "<group>"; };
		1FE1869A19F7BDDF00D7B3C0 /* PekkaGhostTests.xctest */ = {isa = PBXFileReference; explicitFileType = wrapper.cfbundle; includeInIndex = 0; path = PekkaGhostTests.xctest; sourceTree = BUILT_PRODUCTS_DIR; };
		1FE1869F19F7BDDF00D7B3C0 /* Info.plist */ = {isa = PBXFileReference; lastKnownFileType = text.plist.xml; path = Info.plist; sourceTree = "<group>"; };
		1FE186A019F7BDDF00D7B3C0 /* PekkaGhostTests.m */ = {isa = PBXFileReference; lastKnownFileType = sourcecode.c.objc; path = PekkaGhostTests.m; sourceTree = "<group>"; };
/* End PBXFileReference section */

/* Begin PBXFrameworksBuildPhase section */
		1FE1867E19F7BDDE00D7B3C0 /* Frameworks */ = {
			isa = PBXFrameworksBuildPhase;
			buildActionMask = 2147483647;
			files = (
				1F69787819F7D8EF00D0965C /* AVKit.framework in Frameworks */,
			);
			runOnlyForDeploymentPostprocessing = 0;
		};
		1FE1869719F7BDDF00D7B3C0 /* Frameworks */ = {
			isa = PBXFrameworksBuildPhase;
			buildActionMask = 2147483647;
			files = (
			);
			runOnlyForDeploymentPostprocessing = 0;
		};
/* End PBXFrameworksBuildPhase section */

/* Begin PBXGroup section */
		1F69788319F8E33F00D0965C /* AV-Video Controllers */ = {
			isa = PBXGroup;
			children = (
				1F69788019F8688500D0965C /* AV1ViewController.h */,
				1F69788119F8688500D0965C /* AV1ViewController.m */,
			);
			name = "AV-Video Controllers";
			sourceTree = "<group>";
		};
		1FB4E7A519F7C47900EEBA1F /* Videos & Photos */ = {
			isa = PBXGroup;
			children = (
				1F69788B19FA43CC00D0965C /* ilpo-mask.png */,
				1F69787E19F7E4DC00D0965C /* v1.mov */,
				1F69788919FA3C0100D0965C /* ghost.jpg */,
			);
			name = "Videos & Photos";
			sourceTree = "<group>";
		};
		1FE1867819F7BDDE00D7B3C0 = {
			isa = PBXGroup;
			children = (
				1F69787719F7D8EF00D0965C /* AVKit.framework */,
				1FE1868319F7BDDE00D7B3C0 /* PekkaGhost */,
				1FE1869D19F7BDDF00D7B3C0 /* PekkaGhostTests */,
				1FE1868219F7BDDE00D7B3C0 /* Products */,
			);
			sourceTree = "<group>";
		};
		1FE1868219F7BDDE00D7B3C0 /* Products */ = {
			isa = PBXGroup;
			children = (
				1FE1868119F7BDDE00D7B3C0 /* PekkaGhost.app */,
				1FE1869A19F7BDDF00D7B3C0 /* PekkaGhostTests.xctest */,
			);
			name = Products;
			sourceTree = "<group>";
		};
		1FE1868319F7BDDE00D7B3C0 /* PekkaGhost */ = {
			isa = PBXGroup;
			children = (
				1FB4E7A519F7C47900EEBA1F /* Videos & Photos */,
				1FE1868819F7BDDE00D7B3C0 /* AppDelegate.h */,
				1FE1868919F7BDDE00D7B3C0 /* AppDelegate.m */,
				1FE1868B19F7BDDE00D7B3C0 /* ViewController.h */,
				1FE1868C19F7BDDE00D7B3C0 /* ViewController.m */,
				1FE1868E19F7BDDE00D7B3C0 /* Main.storyboard */,
				1F69788419F8EF1700D0965C /* VideoViewController.h */,
				1F69788519F8EF1700D0965C /* VideoViewController.m */,
				1F69788319F8E33F00D0965C /* AV-Video Controllers */,
				1F69787919F7DC8E00D0965C /* FirstVideoViewController.h */,
				1F69787A19F7DC8E00D0965C /* FirstVideoViewController.m */,
				1FE1869119F7BDDE00D7B3C0 /* Images.xcassets */,
				1FE1869319F7BDDE00D7B3C0 /* LaunchScreen.xib */,
				1FE1868419F7BDDE00D7B3C0 /* Supporting Files */,
			);
			path = PekkaGhost;
			sourceTree = "<group>";
		};
		1FE1868419F7BDDE00D7B3C0 /* Supporting Files */ = {
			isa = PBXGroup;
			children = (
				1FE1868519F7BDDE00D7B3C0 /* Info.plist */,
				1FE1868619F7BDDE00D7B3C0 /* main.m */,
			);
			name = "Supporting Files";
			sourceTree = "<group>";
		};
		1FE1869D19F7BDDF00D7B3C0 /* PekkaGhostTests */ = {
			isa = PBXGroup;
			children = (
				1FE186A019F7BDDF00D7B3C0 /* PekkaGhostTests.m */,
				1FE1869E19F7BDDF00D7B3C0 /* Supporting Files */,
			);
			path = PekkaGhostTests;
			sourceTree = "<group>";
		};
		1FE1869E19F7BDDF00D7B3C0 /* Supporting Files */ = {
			isa = PBXGroup;
			children = (
				1FE1869F19F7BDDF00D7B3C0 /* Info.plist */,
			);
			name = "Supporting Files";
			sourceTree = "<group>";
		};
/* End PBXGroup section */

/* Begin PBXNativeTarget section */
		1FE1868019F7BDDE00D7B3C0 /* PekkaGhost */ = {
			isa = PBXNativeTarget;
			buildConfigurationList = 1FE186A419F7BDDF00D7B3C0 /* Build configuration list for PBXNativeTarget "PekkaGhost" */;
			buildPhases = (
				1FE1867D19F7BDDE00D7B3C0 /* Sources */,
				1FE1867E19F7BDDE00D7B3C0 /* Frameworks */,
				1FE1867F19F7BDDE00D7B3C0 /* Resources */,
			);
			buildRules = (
			);
			dependencies = (
			);
			name = PekkaGhost;
			productName = PekkaGhost;
			productReference = 1FE1868119F7BDDE00D7B3C0 /* PekkaGhost.app */;
			productType = "com.apple.product-type.application";
		};
		1FE1869919F7BDDF00D7B3C0 /* PekkaGhostTests */ = {
			isa = PBXNativeTarget;
			buildConfigurationList = 1FE186A719F7BDDF00D7B3C0 /* Build configuration list for PBXNativeTarget "PekkaGhostTests" */;
			buildPhases = (
				1FE1869619F7BDDF00D7B3C0 /* Sources */,
				1FE1869719F7BDDF00D7B3C0 /* Frameworks */,
				1FE1869819F7BDDF00D7B3C0 /* Resources */,
			);
			buildRules = (
			);
			dependencies = (
				1FE1869C19F7BDDF00D7B3C0 /* PBXTargetDependency */,
			);
			name = PekkaGhostTests;
			productName = PekkaGhostTests;
			productReference = 1FE1869A19F7BDDF00D7B3C0 /* PekkaGhostTests.xctest */;
			productType = "com.apple.product-type.bundle.unit-test";
		};
/* End PBXNativeTarget section */

/* Begin PBXProject section */
		1FE1867919F7BDDE00D7B3C0 /* Project object */ = {
			isa = PBXProject;
			attributes = {
				LastUpgradeCheck = 0610;
				ORGANIZATIONNAME = Fabian;
				TargetAttributes = {
					1FE1868019F7BDDE00D7B3C0 = {
						CreatedOnToolsVersion = 6.1;
						DevelopmentTeam = 253UBMFA3G;
					};
					1FE1869919F7BDDF00D7B3C0 = {
						CreatedOnToolsVersion = 6.1;
						TestTargetID = 1FE1868019F7BDDE00D7B3C0;
					};
				};
			};
			buildConfigurationList = 1FE1867C19F7BDDE00D7B3C0 /* Build configuration list for PBXProject "PekkaGhost" */;
			compatibilityVersion = "Xcode 3.2";
			developmentRegion = English;
			hasScannedForEncodings = 0;
			knownRegions = (
				en,
				Base,
			);
			mainGroup = 1FE1867819F7BDDE00D7B3C0;
			productRefGroup = 1FE1868219F7BDDE00D7B3C0 /* Products */;
			projectDirPath = "";
			projectRoot = "";
			targets = (
				1FE1868019F7BDDE00D7B3C0 /* PekkaGhost */,
				1FE1869919F7BDDF00D7B3C0 /* PekkaGhostTests */,
			);
		};
/* End PBXProject section */

/* Begin PBXResourcesBuildPhase section */
		1FE1867F19F7BDDE00D7B3C0 /* Resources */ = {
			isa = PBXResourcesBuildPhase;
			buildActionMask = 2147483647;
			files = (
				1FE1869019F7BDDE00D7B3C0 /* Main.storyboard in Resources */,
				1F69788C19FA43CC00D0965C /* ilpo-mask.png in Resources */,
				1F69788A19FA3C0100D0965C /* ghost.jpg in Resources */,
				1F69787F19F7E4DC00D0965C /* v1.mov in Resources */,
				1FE1869519F7BDDE00D7B3C0 /* LaunchScreen.xib in Resources */,
				1FE1869219F7BDDE00D7B3C0 /* Images.xcassets in Resources */,
			);
			runOnlyForDeploymentPostprocessing = 0;
		};
		1FE1869819F7BDDF00D7B3C0 /* Resources */ = {
			isa = PBXResourcesBuildPhase;
			buildActionMask = 2147483647;
			files = (
			);
			runOnlyForDeploymentPostprocessing = 0;
		};
/* End PBXResourcesBuildPhase section */

/* Begin PBXSourcesBuildPhase section */
		1FE1867D19F7BDDE00D7B3C0 /* Sources */ = {
			isa = PBXSourcesBuildPhase;
			buildActionMask = 2147483647;
			files = (
				1F69788219F8688500D0965C /* AV1ViewController.m in Sources */,
				1FE1868D19F7BDDE00D7B3C0 /* ViewController.m in Sources */,
				1F69788619F8EF1700D0965C /* VideoViewController.m in Sources */,
				1FE1868A19F7BDDE00D7B3C0 /* AppDelegate.m in Sources */,
				1FE1868719F7BDDE00D7B3C0 /* main.m in Sources */,
				1F69787B19F7DC8E00D0965C /* FirstVideoViewController.m in Sources */,
			);
			runOnlyForDeploymentPostprocessing = 0;
		};
		1FE1869619F7BDDF00D7B3C0 /* Sources */ = {
			isa = PBXSourcesBuildPhase;
			buildActionMask = 2147483647;
			files = (
				1FE186A119F7BDDF00D7B3C0 /* PekkaGhostTests.m in Sources */,
			);
			runOnlyForDeploymentPostprocessing = 0;
		};
/* End PBXSourcesBuildPhase section */

/* Begin PBXTargetDependency section */
		1FE1869C19F7BDDF00D7B3C0 /* PBXTargetDependency */ = {
			isa = PBXTargetDependency;
			target = 1FE1868019F7BDDE00D7B3C0 /* PekkaGhost */;
			targetProxy = 1FE1869B19F7BDDF00D7B3C0 /* PBXContainerItemProxy */;
		};
/* End PBXTargetDependency section */

/* Begin PBXVariantGroup section */
		1FE1868E19F7BDDE00D7B3C0 /* Main.storyboard */ = {
			isa = PBXVariantGroup;
			children = (
				1FE1868F19F7BDDE00D7B3C0 /* Base */,
			);
			name = Main.storyboard;
			sourceTree = "<group>";
		};
		1FE1869319F7BDDE00D7B3C0 /* LaunchScreen.xib */ = {
			isa = PBXVariantGroup;
			children = (
				1FE1869419F7BDDE00D7B3C0 /* Base */,
			);
			name = LaunchScreen.xib;
			sourceTree = "<group>";
		};
/* End PBXVariantGroup section */

/* Begin XCBuildConfiguration section */
		1FE186A219F7BDDF00D7B3C0 /* Debug */ = {
			isa = XCBuildConfiguration;
			buildSettings = {
				ALWAYS_SEARCH_USER_PATHS = NO;
				CLANG_CXX_LANGUAGE_STANDARD = "gnu++0x";
				CLANG_CXX_LIBRARY = "libc++";
				CLANG_ENABLE_MODULES = YES;
				CLANG_ENABLE_OBJC_ARC = YES;
				CLANG_WARN_BOOL_CONVERSION = YES;
				CLANG_WARN_CONSTANT_CONVERSION = YES;
				CLANG_WARN_DIRECT_OBJC_ISA_USAGE = YES_ERROR;
				CLANG_WARN_EMPTY_BODY = YES;
				CLANG_WARN_ENUM_CONVERSION = YES;
				CLANG_WARN_INT_CONVERSION = YES;
				CLANG_WARN_OBJC_ROOT_CLASS = YES_ERROR;
				CLANG_WARN_UNREACHABLE_CODE = YES;
				CLANG_WARN__DUPLICATE_METHOD_MATCH = YES;
				"CODE_SIGN_IDENTITY[sdk=iphoneos*]" = "iPhone Developer";
				COPY_PHASE_STRIP = NO;
				ENABLE_STRICT_OBJC_MSGSEND = YES;
				GCC_C_LANGUAGE_STANDARD = gnu99;
				GCC_DYNAMIC_NO_PIC = NO;
				GCC_OPTIMIZATION_LEVEL = 0;
				GCC_PREPROCESSOR_DEFINITIONS = (
					"DEBUG=1",
					"$(inherited)",
				);
				GCC_SYMBOLS_PRIVATE_EXTERN = NO;
				GCC_WARN_64_TO_32_BIT_CONVERSION = YES;
				GCC_WARN_ABOUT_RETURN_TYPE = YES_ERROR;
				GCC_WARN_UNDECLARED_SELECTOR = YES;
				GCC_WARN_UNINITIALIZED_AUTOS = YES_AGGRESSIVE;
				GCC_WARN_UNUSED_FUNCTION = YES;
				GCC_WARN_UNUSED_VARIABLE = YES;
				IPHONEOS_DEPLOYMENT_TARGET = 8.1;
				MTL_ENABLE_DEBUG_INFO = YES;
				ONLY_ACTIVE_ARCH = YES;
				SDKROOT = iphoneos;
				TARGETED_DEVICE_FAMILY = "1,2";
			};
			name = Debug;
		};
		1FE186A319F7BDDF00D7B3C0 /* Release */ = {
			isa = XCBuildConfiguration;
			buildSettings = {
				ALWAYS_SEARCH_USER_PATHS = NO;
				CLANG_CXX_LANGUAGE_STANDARD = "gnu++0x";
				CLANG_CXX_LIBRARY = "libc++";
				CLANG_ENABLE_MODULES = YES;
				CLANG_ENABLE_OBJC_ARC = YES;
				CLANG_WARN_BOOL_CONVERSION = YES;
				CLANG_WARN_CONSTANT_CONVERSION = YES;
				CLANG_WARN_DIRECT_OBJC_ISA_USAGE = YES_ERROR;
				CLANG_WARN_EMPTY_BODY = YES;
				CLANG_WARN_ENUM_CONVERSION = YES;
				CLANG_WARN_INT_CONVERSION = YES;
				CLANG_WARN_OBJC_ROOT_CLASS = YES_ERROR;
				CLANG_WARN_UNREACHABLE_CODE = YES;
				CLANG_WARN__DUPLICATE_METHOD_MATCH = YES;
				"CODE_SIGN_IDENTITY[sdk=iphoneos*]" = "iPhone Developer";
				COPY_PHASE_STRIP = YES;
				ENABLE_NS_ASSERTIONS = NO;
				ENABLE_STRICT_OBJC_MSGSEND = YES;
				GCC_C_LANGUAGE_STANDARD = gnu99;
				GCC_WARN_64_TO_32_BIT_CONVERSION = YES;
				GCC_WARN_ABOUT_RETURN_TYPE = YES_ERROR;
				GCC_WARN_UNDECLARED_SELECTOR = YES;
				GCC_WARN_UNINITIALIZED_AUTOS = YES_AGGRESSIVE;
				GCC_WARN_UNUSED_FUNCTION = YES;
				GCC_WARN_UNUSED_VARIABLE = YES;
				IPHONEOS_DEPLOYMENT_TARGET = 8.1;
				MTL_ENABLE_DEBUG_INFO = NO;
				SDKROOT = iphoneos;
				TARGETED_DEVICE_FAMILY = "1,2";
				VALIDATE_PRODUCT = YES;
			};
			name = Release;
		};
		1FE186A519F7BDDF00D7B3C0 /* Debug */ = {
			isa = XCBuildConfiguration;
			buildSettings = {
				ASSETCATALOG_COMPILER_APPICON_NAME = AppIcon;
				INFOPLIST_FILE = PekkaGhost/Info.plist;
				LD_RUNPATH_SEARCH_PATHS = "$(inherited) @executable_path/Frameworks";
				PRODUCT_NAME = "$(TARGET_NAME)";
			};
			name = Debug;
		};
		1FE186A619F7BDDF00D7B3C0 /* Release */ = {
			isa = XCBuildConfiguration;
			buildSettings = {
				ASSETCATALOG_COMPILER_APPICON_NAME = AppIcon;
				INFOPLIST_FILE = PekkaGhost/Info.plist;
				LD_RUNPATH_SEARCH_PATHS = "$(inherited) @executable_path/Frameworks";
				PRODUCT_NAME = "$(TARGET_NAME)";
			};
			name = Release;
		};
		1FE186A819F7BDDF00D7B3C0 /* Debug */ = {
			isa = XCBuildConfiguration;
			buildSettings = {
				BUNDLE_LOADER = "$(TEST_HOST)";
				FRAMEWORK_SEARCH_PATHS = (
					"$(SDKROOT)/Developer/Library/Frameworks",
					"$(inherited)",
				);
				GCC_PREPROCESSOR_DEFINITIONS = (
					"DEBUG=1",
					"$(inherited)",
				);
				INFOPLIST_FILE = PekkaGhostTests/Info.plist;
				LD_RUNPATH_SEARCH_PATHS = "$(inherited) @executable_path/Frameworks @loader_path/Frameworks";
				PRODUCT_NAME = "$(TARGET_NAME)";
				TEST_HOST = "$(BUILT_PRODUCTS_DIR)/PekkaGhost.app/PekkaGhost";
			};
			name = Debug;
		};
		1FE186A919F7BDDF00D7B3C0 /* Release */ = {
			isa = XCBuildConfiguration;
			buildSettings = {
				BUNDLE_LOADER = "$(TEST_HOST)";
				FRAMEWORK_SEARCH_PATHS = (
					"$(SDKROOT)/Developer/Library/Frameworks",
					"$(inherited)",
				);
				INFOPLIST_FILE = PekkaGhostTests/Info.plist;
				LD_RUNPATH_SEARCH_PATHS = "$(inherited) @executable_path/Frameworks @loader_path/Frameworks";
				PRODUCT_NAME = "$(TARGET_NAME)";
				TEST_HOST = "$(BUILT_PRODUCTS_DIR)/PekkaGhost.app/PekkaGhost";
			};
			name = Release;
		};
/* End XCBuildConfiguration section */

/* Begin XCConfigurationList section */
		1FE1867C19F7BDDE00D7B3C0 /* Build configuration list for PBXProject "PekkaGhost" */ = {
			isa = XCConfigurationList;
			buildConfigurations = (
				1FE186A219F7BDDF00D7B3C0 /* Debug */,
				1FE186A319F7BDDF00D7B3C0 /* Release */,
			);
			defaultConfigurationIsVisible = 0;
			defaultConfigurationName = Release;
		};
		1FE186A419F7BDDF00D7B3C0 /* Build configuration list for PBXNativeTarget "PekkaGhost" */ = {
			isa = XCConfigurationList;
			buildConfigurations = (
				1FE186A519F7BDDF00D7B3C0 /* Debug */,
				1FE186A619F7BDDF00D7B3C0 /* Release */,
			);
			defaultConfigurationIsVisible = 0;
			defaultConfigurationName = Release;
		};
		1FE186A719F7BDDF00D7B3C0 /* Build configuration list for PBXNativeTarget "PekkaGhostTests" */ = {
			isa = XCConfigurationList;
			buildConfigurations = (
				1FE186A819F7BDDF00D7B3C0 /* Debug */,
				1FE186A919F7BDDF00D7B3C0 /* Release */,
			);
			defaultConfigurationIsVisible = 0;
			defaultConfigurationName = Release;
		};
/* End XCConfigurationList section */
	};
	rootObject = 1FE1867919F7BDDE00D7B3C0 /* Project object */;
}
